
Microsoft Visual Studio Solution File, Format Version 12.00
# Visual Studio Version 16
VisualStudioVersion = 16.0.30413.136
MinimumVisualStudioVersion = 10.0.40219.1
Project("{FAE04EC0-301F-11D3-BF4B-00C04F79EFBC}") = "ShoppingMall1", "ShoppingMall1\ShoppingMall1.csproj", "{C9A8718B-5C7B-479A-A0F2-51B2CE872C29}"
EndProject
Global
	GlobalSection(SolutionConfigurationPlatforms) = preSolution
		Debug|Any CPU = Debug|Any CPU
		Release|Any CPU = Release|Any CPU
	EndGlobalSection
	GlobalSection(ProjectConfigurationPlatforms) = postSolution
		{C9A8718B-5C7B-479A-A0F2-51B2CE872C29}.Debug|Any CPU.ActiveCfg = Debug|Any CPU
		{C9A8718B-5C7B-479A-A0F2-51B2CE872C29}.Debug|Any CPU.Build.0 = Debug|Any CPU
		{C9A8718B-5C7B-479A-A0F2-51B2CE872C29}.Release|Any CPU.ActiveCfg = Release|Any CPU
		{C9A8718B-5C7B-479A-A0F2-51B2CE872C29}.Release|Any CPU.Build.0 = Release|Any CPU
	EndGlobalSection
	GlobalSection(SolutionProperties) = preSolution
		HideSolutionNode = FALSE
	EndGlobalSection
	GlobalSection(ExtensibilityGlobals) = postSolution
		SolutionGuid = {6634A775-C49F-485D-90DC-CAEA6DA0F023}
	EndGlobalSection
EndGlobal
