
Microsoft Visual Studio Solution File, Format Version 12.00
# Visual Studio Version 16
VisualStudioVersion = 16.0.30413.136
MinimumVisualStudioVersion = 10.0.40219.1
Project("{FAE04EC0-301F-11D3-BF4B-00C04F79EFBC}") = "Bank", "Bank\Bank.csproj", "{EA5BE611-5E40-4B9F-9934-8078E865F622}"
EndProject
Global
	GlobalSection(SolutionConfigurationPlatforms) = preSolution
		Debug|Any CPU = Debug|Any CPU
		Release|Any CPU = Release|Any CPU
	EndGlobalSection
	GlobalSection(ProjectConfigurationPlatforms) = postSolution
		{EA5BE611-5E40-4B9F-9934-8078E865F622}.Debug|Any CPU.ActiveCfg = Debug|Any CPU
		{EA5BE611-5E40-4B9F-9934-8078E865F622}.Debug|Any CPU.Build.0 = Debug|Any CPU
		{EA5BE611-5E40-4B9F-9934-8078E865F622}.Release|Any CPU.ActiveCfg = Release|Any CPU
		{EA5BE611-5E40-4B9F-9934-8078E865F622}.Release|Any CPU.Build.0 = Release|Any CPU
	EndGlobalSection
	GlobalSection(SolutionProperties) = preSolution
		HideSolutionNode = FALSE
	EndGlobalSection
	GlobalSection(ExtensibilityGlobals) = postSolution
		SolutionGuid = {2AF3DBD1-C74C-42E2-AE0F-E2C93C27A542}
	EndGlobalSection
EndGlobal
